<Solution>
  <Configurations>
    <BuildType Name="Debug" />
    <BuildType Name="Editor" />
    <BuildType Name="Release" />
  </Configurations>
  <Project Path="pickaxe.csproj" />
  <Project Path="pickaxe.web/pickaxe.web.csproj">
    <BuildType Solution="Editor|*" Project="Debug" />
    <Build Project="false" />
  </Project>
</Solution>
